
Microsoft Visual Studio Solution File, Format Version 12.00
# Visual Studio Version 16
VisualStudioVersion = 16.0.28711.60
MinimumVisualStudioVersion = 10.0.40219.1
Project("{9A19103F-16F7-4668-BE54-9A1E7A4F7556}") = "ShoppingCart", "ShoppingCart\ShoppingCart.csproj", "{0D312990-F69D-4011-A7CC-3E8706B54A28}"
EndProject
Project("{9A19103F-16F7-4668-BE54-9A1E7A4F7556}") = "ShoppingCart.Model", "ShoppingCart.Models\ShoppingCart.Model.csproj", "{B49226A1-647B-411C-8200-B1A90D3D885F}"
EndProject
Project("{FAE04EC0-301F-11D3-BF4B-00C04F79EFBC}") = "ShoppingCart.Queries", "ShoppingCart.Queries\ShoppingCart.Queries.csproj", "{ECA0276B-BDEB-4640-B47E-423CEF563B3F}"
EndProject
Project("{FAE04EC0-301F-11D3-BF4B-00C04F79EFBC}") = "ShoppingCart.Data.Model", "ShoppingCart.Data.Model\ShoppingCart.Data.Model.csproj", "{9089F53B-4919-4629-94A4-D798FEDF45BF}"
EndProject
Project("{FAE04EC0-301F-11D3-BF4B-00C04F79EFBC}") = "ShoppingCart.Data.Access", "ShoppingCart.Data.Access\ShoppingCart.Data.Access.csproj", "{89354E6C-8D54-4123-AACA-3723686D2470}"
EndProject
Project("{FAE04EC0-301F-11D3-BF4B-00C04F79EFBC}") = "ShoppingCart.Security", "ShoppingCart.Security\ShoppingCart.Security.csproj", "{CF94230F-825D-41F9-85C9-F3D2785D2FF8}"
EndProject
Project("{FAE04EC0-301F-11D3-BF4B-00C04F79EFBC}") = "ShoppingCart.Core", "ShoppingCart.Core\ShoppingCart.Core.csproj", "{1BEE262C-7D2A-43C2-AC16-07804EAD23CB}"
EndProject
Global
	GlobalSection(SolutionConfigurationPlatforms) = preSolution
		Debug|Any CPU = Debug|Any CPU
		Release|Any CPU = Release|Any CPU
	EndGlobalSection
	GlobalSection(ProjectConfigurationPlatforms) = postSolution
		{0D312990-F69D-4011-A7CC-3E8706B54A28}.Debug|Any CPU.ActiveCfg = Debug|Any CPU
		{0D312990-F69D-4011-A7CC-3E8706B54A28}.Debug|Any CPU.Build.0 = Debug|Any CPU
		{0D312990-F69D-4011-A7CC-3E8706B54A28}.Release|Any CPU.ActiveCfg = Release|Any CPU
		{0D312990-F69D-4011-A7CC-3E8706B54A28}.Release|Any CPU.Build.0 = Release|Any CPU
		{B49226A1-647B-411C-8200-B1A90D3D885F}.Debug|Any CPU.ActiveCfg = Debug|Any CPU
		{B49226A1-647B-411C-8200-B1A90D3D885F}.Debug|Any CPU.Build.0 = Debug|Any CPU
		{B49226A1-647B-411C-8200-B1A90D3D885F}.Release|Any CPU.ActiveCfg = Release|Any CPU
		{B49226A1-647B-411C-8200-B1A90D3D885F}.Release|Any CPU.Build.0 = Release|Any CPU
		{ECA0276B-BDEB-4640-B47E-423CEF563B3F}.Debug|Any CPU.ActiveCfg = Debug|Any CPU
		{ECA0276B-BDEB-4640-B47E-423CEF563B3F}.Debug|Any CPU.Build.0 = Debug|Any CPU
		{ECA0276B-BDEB-4640-B47E-423CEF563B3F}.Release|Any CPU.ActiveCfg = Release|Any CPU
		{ECA0276B-BDEB-4640-B47E-423CEF563B3F}.Release|Any CPU.Build.0 = Release|Any CPU
		{9089F53B-4919-4629-94A4-D798FEDF45BF}.Debug|Any CPU.ActiveCfg = Debug|Any CPU
		{9089F53B-4919-4629-94A4-D798FEDF45BF}.Debug|Any CPU.Build.0 = Debug|Any CPU
		{9089F53B-4919-4629-94A4-D798FEDF45BF}.Release|Any CPU.ActiveCfg = Release|Any CPU
		{9089F53B-4919-4629-94A4-D798FEDF45BF}.Release|Any CPU.Build.0 = Release|Any CPU
		{89354E6C-8D54-4123-AACA-3723686D2470}.Debug|Any CPU.ActiveCfg = Debug|Any CPU
		{89354E6C-8D54-4123-AACA-3723686D2470}.Debug|Any CPU.Build.0 = Debug|Any CPU
		{89354E6C-8D54-4123-AACA-3723686D2470}.Release|Any CPU.ActiveCfg = Release|Any CPU
		{89354E6C-8D54-4123-AACA-3723686D2470}.Release|Any CPU.Build.0 = Release|Any CPU
		{CF94230F-825D-41F9-85C9-F3D2785D2FF8}.Debug|Any CPU.ActiveCfg = Debug|Any CPU
		{CF94230F-825D-41F9-85C9-F3D2785D2FF8}.Debug|Any CPU.Build.0 = Debug|Any CPU
		{CF94230F-825D-41F9-85C9-F3D2785D2FF8}.Release|Any CPU.ActiveCfg = Release|Any CPU
		{CF94230F-825D-41F9-85C9-F3D2785D2FF8}.Release|Any CPU.Build.0 = Release|Any CPU
		{1BEE262C-7D2A-43C2-AC16-07804EAD23CB}.Debug|Any CPU.ActiveCfg = Debug|Any CPU
		{1BEE262C-7D2A-43C2-AC16-07804EAD23CB}.Debug|Any CPU.Build.0 = Debug|Any CPU
		{1BEE262C-7D2A-43C2-AC16-07804EAD23CB}.Release|Any CPU.ActiveCfg = Release|Any CPU
		{1BEE262C-7D2A-43C2-AC16-07804EAD23CB}.Release|Any CPU.Build.0 = Release|Any CPU
	EndGlobalSection
	GlobalSection(SolutionProperties) = preSolution
		HideSolutionNode = FALSE
	EndGlobalSection
	GlobalSection(ExtensibilityGlobals) = postSolution
		SolutionGuid = {2B910578-60CA-48E6-B0AA-1DC81D60519F}
	EndGlobalSection
EndGlobal
